
Microsoft Visual Studio Solution File, Format Version 12.00
# Visual Studio Version 17
VisualStudioVersion = 17.5.33424.131
MinimumVisualStudioVersion = 10.0.40219.1
Project("{9A19103F-16F7-4668-BE54-9A1E7A4F7556}") = "Tenancy.Management.Web", "Tenancy.Management.Web\Tenancy.Management.Web.csproj", "{C97F4F55-209F-4C5B-BA7F-E028BF8F4CFF}"
EndProject
Project("{9A19103F-16F7-4668-BE54-9A1E7A4F7556}") = "Tenancy.Management.Models", "Tenancy.Management.Models\Tenancy.Management.Models.csproj", "{4744F3C7-F026-4570-8054-76353A37C3D2}"
EndProject
Project("{9A19103F-16F7-4668-BE54-9A1E7A4F7556}") = "Tenancy.Management.Services", "Tenancy.Management.Services\Tenancy.Management.Services.csproj", "{F461F426-5C99-4D35-B565-F0C135E3DCF0}"
EndProject
Project("{9A19103F-16F7-4668-BE54-9A1E7A4F7556}") = "Tenancy.Management.Mongo", "Tenancy.Management.Mongo\Tenancy.Management.Mongo.csproj", "{B7340BC8-0690-4F7A-B249-1C90DF6367E4}"
EndProject
Global
	GlobalSection(SolutionConfigurationPlatforms) = preSolution
		Debug|Any CPU = Debug|Any CPU
		Release|Any CPU = Release|Any CPU
	EndGlobalSection
	GlobalSection(ProjectConfigurationPlatforms) = postSolution
		{C97F4F55-209F-4C5B-BA7F-E028BF8F4CFF}.Debug|Any CPU.ActiveCfg = Debug|Any CPU
		{C97F4F55-209F-4C5B-BA7F-E028BF8F4CFF}.Debug|Any CPU.Build.0 = Debug|Any CPU
		{C97F4F55-209F-4C5B-BA7F-E028BF8F4CFF}.Release|Any CPU.ActiveCfg = Release|Any CPU
		{C97F4F55-209F-4C5B-BA7F-E028BF8F4CFF}.Release|Any CPU.Build.0 = Release|Any CPU
		{4744F3C7-F026-4570-8054-76353A37C3D2}.Debug|Any CPU.ActiveCfg = Debug|Any CPU
		{4744F3C7-F026-4570-8054-76353A37C3D2}.Debug|Any CPU.Build.0 = Debug|Any CPU
		{4744F3C7-F026-4570-8054-76353A37C3D2}.Release|Any CPU.ActiveCfg = Release|Any CPU
		{4744F3C7-F026-4570-8054-76353A37C3D2}.Release|Any CPU.Build.0 = Release|Any CPU
		{F461F426-5C99-4D35-B565-F0C135E3DCF0}.Debug|Any CPU.ActiveCfg = Debug|Any CPU
		{F461F426-5C99-4D35-B565-F0C135E3DCF0}.Debug|Any CPU.Build.0 = Debug|Any CPU
		{F461F426-5C99-4D35-B565-F0C135E3DCF0}.Release|Any CPU.ActiveCfg = Release|Any CPU
		{F461F426-5C99-4D35-B565-F0C135E3DCF0}.Release|Any CPU.Build.0 = Release|Any CPU
		{B7340BC8-0690-4F7A-B249-1C90DF6367E4}.Debug|Any CPU.ActiveCfg = Debug|Any CPU
		{B7340BC8-0690-4F7A-B249-1C90DF6367E4}.Debug|Any CPU.Build.0 = Debug|Any CPU
		{B7340BC8-0690-4F7A-B249-1C90DF6367E4}.Release|Any CPU.ActiveCfg = Release|Any CPU
		{B7340BC8-0690-4F7A-B249-1C90DF6367E4}.Release|Any CPU.Build.0 = Release|Any CPU
	EndGlobalSection
	GlobalSection(SolutionProperties) = preSolution
		HideSolutionNode = FALSE
	EndGlobalSection
	GlobalSection(ExtensibilityGlobals) = postSolution
		SolutionGuid = {7F78B392-2C1E-4C44-B827-366972739A67}
	EndGlobalSection
EndGlobal
